
Microsoft Visual Studio Solution File, Format Version 12.00
# Visual Studio Version 17
VisualStudioVersion = 17.10.35027.167
MinimumVisualStudioVersion = 10.0.40219.1
Project("{2150E333-8FDC-42A3-9474-1A3956D46DE8}") = "Core", "Core", "{8A68DF50-D2F6-496E-809B-718D694C789B}"
EndProject
Project("{2150E333-8FDC-42A3-9474-1A3956D46DE8}") = "Api", "Api", "{B9623C27-2E7A-4F42-9A5C-1860EB571D60}"
EndProject
Project("{2150E333-8FDC-42A3-9474-1A3956D46DE8}") = "Applicaition", "Applicaition", "{7E76651B-895D-4A26-8449-64A31E396EC7}"
EndProject
Project("{2150E333-8FDC-42A3-9474-1A3956D46DE8}") = "Infrastructure", "Infrastructure", "{F8DB60A1-C8CD-43EB-9C6F-0F532DAAFA8F}"
EndProject
Project("{2150E333-8FDC-42A3-9474-1A3956D46DE8}") = "Tests", "Tests", "{1280D5FE-DA1C-4D00-A37D-58A5F9BC9936}"
EndProject
Project("{9A19103F-16F7-4668-BE54-9A1E7A4F7556}") = "Domain.Tests", "Domain.Tests\Domain.Tests.csproj", "{C6D4408B-B326-4147-B515-A6B3B87F4978}"
EndProject
Project("{2150E333-8FDC-42A3-9474-1A3956D46DE8}") = "Shared", "Shared", "{0AA30E49-AF51-4FAF-B9B7-59B2871A84AC}"
EndProject
Project("{9A19103F-16F7-4668-BE54-9A1E7A4F7556}") = "Shared.Register", "Shared.Register\Shared.Register.csproj", "{902941B7-F718-4BE2-BA10-82D46B4A8D79}"
EndProject
Project("{9A19103F-16F7-4668-BE54-9A1E7A4F7556}") = "Banking.Application", "Banking.Application\Banking.Application.csproj", "{38F9F062-957A-44C0-B1FF-D1FAC0ABF1BF}"
EndProject
Project("{9A19103F-16F7-4668-BE54-9A1E7A4F7556}") = "Banking.Domain", "Banking.Domain\Banking.Domain.csproj", "{36848DF8-26D7-49D0-AFB1-FACEC6439F5C}"
EndProject
Project("{9A19103F-16F7-4668-BE54-9A1E7A4F7556}") = "Banking.Persistence", "Banking.Persistence\Banking.Persistence.csproj", "{98750C5C-225F-4190-8729-FF6629FCB4EC}"
EndProject
Project("{9A19103F-16F7-4668-BE54-9A1E7A4F7556}") = "Banking.Persistence.IntegrationTests", "Banking.Persistence.IntegrationTests\Banking.Persistence.IntegrationTests.csproj", "{AFD62D57-2B4A-4D93-8659-E2E908BD6867}"
EndProject
Project("{9A19103F-16F7-4668-BE54-9A1E7A4F7556}") = "Banking.SharedKernel", "Banking.SharedKernel\Banking.SharedKernel.csproj", "{D36D458E-4455-4A93-88CF-4D00D669568D}"
EndProject
Project("{9A19103F-16F7-4668-BE54-9A1E7A4F7556}") = "Banking.Api", "Banking.Api\Banking.Api.csproj", "{4480988D-861F-40B9-8DB7-53BE946C40EE}"
EndProject
Project("{E53339B2-1760-4266-BCC7-CA923CBCF16C}") = "docker-compose", "docker-compose.dcproj", "{DE7C6E57-4FE5-472D-A30A-B77690C422E6}"
EndProject
Project("{9A19103F-16F7-4668-BE54-9A1E7A4F7556}") = "Banking.Contracts", "..\Banking.Contracts\Banking.Contracts.csproj", "{2D0F41A9-02A6-4F32-A2F9-2753197C46B8}"
EndProject
Project("{FAE04EC0-301F-11D3-BF4B-00C04F79EFBC}") = "Banking.Api.IntegrationTests", "Banking.Api.IntegrationTests\Banking.Api.IntegrationTests.csproj", "{4D3D3A7E-F993-4352-96E5-611561783DEB}"
EndProject
Global
	GlobalSection(SolutionConfigurationPlatforms) = preSolution
		Debug|Any CPU = Debug|Any CPU
		Release|Any CPU = Release|Any CPU
	EndGlobalSection
	GlobalSection(ProjectConfigurationPlatforms) = postSolution
		{C6D4408B-B326-4147-B515-A6B3B87F4978}.Debug|Any CPU.ActiveCfg = Debug|Any CPU
		{C6D4408B-B326-4147-B515-A6B3B87F4978}.Debug|Any CPU.Build.0 = Debug|Any CPU
		{C6D4408B-B326-4147-B515-A6B3B87F4978}.Release|Any CPU.ActiveCfg = Release|Any CPU
		{C6D4408B-B326-4147-B515-A6B3B87F4978}.Release|Any CPU.Build.0 = Release|Any CPU
		{902941B7-F718-4BE2-BA10-82D46B4A8D79}.Debug|Any CPU.ActiveCfg = Debug|Any CPU
		{902941B7-F718-4BE2-BA10-82D46B4A8D79}.Debug|Any CPU.Build.0 = Debug|Any CPU
		{902941B7-F718-4BE2-BA10-82D46B4A8D79}.Release|Any CPU.ActiveCfg = Release|Any CPU
		{902941B7-F718-4BE2-BA10-82D46B4A8D79}.Release|Any CPU.Build.0 = Release|Any CPU
		{38F9F062-957A-44C0-B1FF-D1FAC0ABF1BF}.Debug|Any CPU.ActiveCfg = Debug|Any CPU
		{38F9F062-957A-44C0-B1FF-D1FAC0ABF1BF}.Debug|Any CPU.Build.0 = Debug|Any CPU
		{38F9F062-957A-44C0-B1FF-D1FAC0ABF1BF}.Release|Any CPU.ActiveCfg = Release|Any CPU
		{38F9F062-957A-44C0-B1FF-D1FAC0ABF1BF}.Release|Any CPU.Build.0 = Release|Any CPU
		{36848DF8-26D7-49D0-AFB1-FACEC6439F5C}.Debug|Any CPU.ActiveCfg = Debug|Any CPU
		{36848DF8-26D7-49D0-AFB1-FACEC6439F5C}.Debug|Any CPU.Build.0 = Debug|Any CPU
		{36848DF8-26D7-49D0-AFB1-FACEC6439F5C}.Release|Any CPU.ActiveCfg = Release|Any CPU
		{36848DF8-26D7-49D0-AFB1-FACEC6439F5C}.Release|Any CPU.Build.0 = Release|Any CPU
		{98750C5C-225F-4190-8729-FF6629FCB4EC}.Debug|Any CPU.ActiveCfg = Debug|Any CPU
		{98750C5C-225F-4190-8729-FF6629FCB4EC}.Debug|Any CPU.Build.0 = Debug|Any CPU
		{98750C5C-225F-4190-8729-FF6629FCB4EC}.Release|Any CPU.ActiveCfg = Release|Any CPU
		{98750C5C-225F-4190-8729-FF6629FCB4EC}.Release|Any CPU.Build.0 = Release|Any CPU
		{AFD62D57-2B4A-4D93-8659-E2E908BD6867}.Debug|Any CPU.ActiveCfg = Debug|Any CPU
		{AFD62D57-2B4A-4D93-8659-E2E908BD6867}.Debug|Any CPU.Build.0 = Debug|Any CPU
		{AFD62D57-2B4A-4D93-8659-E2E908BD6867}.Release|Any CPU.ActiveCfg = Release|Any CPU
		{AFD62D57-2B4A-4D93-8659-E2E908BD6867}.Release|Any CPU.Build.0 = Release|Any CPU
		{D36D458E-4455-4A93-88CF-4D00D669568D}.Debug|Any CPU.ActiveCfg = Debug|Any CPU
		{D36D458E-4455-4A93-88CF-4D00D669568D}.Debug|Any CPU.Build.0 = Debug|Any CPU
		{D36D458E-4455-4A93-88CF-4D00D669568D}.Release|Any CPU.ActiveCfg = Release|Any CPU
		{D36D458E-4455-4A93-88CF-4D00D669568D}.Release|Any CPU.Build.0 = Release|Any CPU
		{4480988D-861F-40B9-8DB7-53BE946C40EE}.Debug|Any CPU.ActiveCfg = Debug|Any CPU
		{4480988D-861F-40B9-8DB7-53BE946C40EE}.Debug|Any CPU.Build.0 = Debug|Any CPU
		{4480988D-861F-40B9-8DB7-53BE946C40EE}.Release|Any CPU.ActiveCfg = Release|Any CPU
		{4480988D-861F-40B9-8DB7-53BE946C40EE}.Release|Any CPU.Build.0 = Release|Any CPU
		{DE7C6E57-4FE5-472D-A30A-B77690C422E6}.Debug|Any CPU.ActiveCfg = Debug|Any CPU
		{DE7C6E57-4FE5-472D-A30A-B77690C422E6}.Debug|Any CPU.Build.0 = Debug|Any CPU
		{DE7C6E57-4FE5-472D-A30A-B77690C422E6}.Release|Any CPU.ActiveCfg = Release|Any CPU
		{DE7C6E57-4FE5-472D-A30A-B77690C422E6}.Release|Any CPU.Build.0 = Release|Any CPU
		{2D0F41A9-02A6-4F32-A2F9-2753197C46B8}.Debug|Any CPU.ActiveCfg = Debug|Any CPU
		{2D0F41A9-02A6-4F32-A2F9-2753197C46B8}.Debug|Any CPU.Build.0 = Debug|Any CPU
		{2D0F41A9-02A6-4F32-A2F9-2753197C46B8}.Release|Any CPU.ActiveCfg = Release|Any CPU
		{2D0F41A9-02A6-4F32-A2F9-2753197C46B8}.Release|Any CPU.Build.0 = Release|Any CPU
		{4D3D3A7E-F993-4352-96E5-611561783DEB}.Debug|Any CPU.ActiveCfg = Debug|Any CPU
		{4D3D3A7E-F993-4352-96E5-611561783DEB}.Debug|Any CPU.Build.0 = Debug|Any CPU
		{4D3D3A7E-F993-4352-96E5-611561783DEB}.Release|Any CPU.ActiveCfg = Release|Any CPU
		{4D3D3A7E-F993-4352-96E5-611561783DEB}.Release|Any CPU.Build.0 = Release|Any CPU
	EndGlobalSection
	GlobalSection(SolutionProperties) = preSolution
		HideSolutionNode = FALSE
	EndGlobalSection
	GlobalSection(NestedProjects) = preSolution
		{7E76651B-895D-4A26-8449-64A31E396EC7} = {8A68DF50-D2F6-496E-809B-718D694C789B}
		{C6D4408B-B326-4147-B515-A6B3B87F4978} = {1280D5FE-DA1C-4D00-A37D-58A5F9BC9936}
		{902941B7-F718-4BE2-BA10-82D46B4A8D79} = {0AA30E49-AF51-4FAF-B9B7-59B2871A84AC}
		{38F9F062-957A-44C0-B1FF-D1FAC0ABF1BF} = {7E76651B-895D-4A26-8449-64A31E396EC7}
		{36848DF8-26D7-49D0-AFB1-FACEC6439F5C} = {7E76651B-895D-4A26-8449-64A31E396EC7}
		{98750C5C-225F-4190-8729-FF6629FCB4EC} = {F8DB60A1-C8CD-43EB-9C6F-0F532DAAFA8F}
		{AFD62D57-2B4A-4D93-8659-E2E908BD6867} = {1280D5FE-DA1C-4D00-A37D-58A5F9BC9936}
		{D36D458E-4455-4A93-88CF-4D00D669568D} = {0AA30E49-AF51-4FAF-B9B7-59B2871A84AC}
		{4480988D-861F-40B9-8DB7-53BE946C40EE} = {B9623C27-2E7A-4F42-9A5C-1860EB571D60}
		{2D0F41A9-02A6-4F32-A2F9-2753197C46B8} = {B9623C27-2E7A-4F42-9A5C-1860EB571D60}
		{4D3D3A7E-F993-4352-96E5-611561783DEB} = {1280D5FE-DA1C-4D00-A37D-58A5F9BC9936}
	EndGlobalSection
	GlobalSection(ExtensibilityGlobals) = postSolution
		SolutionGuid = {5A2F72A4-EA2A-44AF-8C2B-ED1E159C9FEC}
	EndGlobalSection
EndGlobal
